{
  "name": "test",
  "version": "1.0.0",
  "lockfileVersion": 2,
  "requires": true,
  "packages": {
    "": {
      "name": "test",
      "version": "1.0.0",
      "license": "UNLICENSED",
      "dependencies": {
        "kurami": "file:./.."
      }
    },
    "..": {
      "version": "1.0.1",
      "license": "GPL-3.0-or-later",
      "dependencies": {
        "fs": "^0.0.1-security",
        "path": "^0.12.7"
      },
      "bin": {
        "kurami": "bin/kurami.js"
      }
    },
    "node_modules/kurami": {
      "resolved": "..",
      "link": true
    }
  },
  "dependencies": {
    "kurami": {
      "version": "file:..",
      "requires": {
        "fs": "^0.0.1-security",
        "path": "^0.12.7"
      }
    }
  }
}
